{
  "name": "s05e01",
  "lockfileVersion": 3,
  "requires": true,
  "packages": {
    "": {
      "name": "s05e01",
      "dependencies": {
        "csv-parse": "^5.6.0",
        "fast-xml-parser": "^4.5.0"
      }
    },
    "node_modules/csv-parse": {
      "version": "5.6.0",
      "resolved": "https://registry.npmjs.org/csv-parse/-/csv-parse-5.6.0.tgz",
      "integrity": "sha512-l3nz3euub2QMg5ouu5U09Ew9Wf6/wQ8I++ch1loQ0ljmzhmfZYrH9fflS22i/PQEvsPvxCwxgz5q7UB8K1JO4Q==",
      "license": "MIT"
    },
    "node_modules/fast-xml-parser": {
      "version": "4.5.6",
      "resolved": "https://registry.npmjs.org/fast-xml-parser/-/fast-xml-parser-4.5.6.tgz",
      "integrity": "sha512-Yd4vkROfJf8AuJrDIVMVmYfULKmIJszVsMv7Vo71aocsKgFxpdlpSHXSaInvyYfgw2PRuObQSW2GFpVMUjxu9A==",
      "funding": [
        {
          "type": "github",
          "url": "https://github.com/sponsors/NaturalIntelligence"
        }
      ],
      "license": "MIT",
      "dependencies": {
        "strnum": "^1.0.5"
      },
      "bin": {
        "fxparser": "src/cli/cli.js"
      }
    },
    "node_modules/strnum": {
      "version": "1.1.2",
      "resolved": "https://registry.npmjs.org/strnum/-/strnum-1.1.2.tgz",
      "integrity": "sha512-vrN+B7DBIoTTZjnPNewwhx6cBA/H+IS7rfW68n7XxC1y7uoiGQBxaKzqucGUgavX15dJgiGztLJ8vxuEzwqBdA==",
      "funding": [
        {
          "type": "github",
          "url": "https://github.com/sponsors/NaturalIntelligence"
        }
      ],
      "license": "MIT"
    }
  }
}
